// !$*UTF8*$!
{
	archiveVersion = 1;
	classes = {
	};
	objectVersion = 56;
	objects = {

/* Begin PBXBuildFile section */
		E96E72CA2C76B674000B05BA /* TimelineRow.swift in Sources */ = {isa = PBXBuildFile; fileRef = E96E72C92C76B674000B05BA /* TimelineRow.swift */; };
		E96E72CC2C76B90E000B05BA /* Color.swift in Sources */ = {isa = PBXBuildFile; fileRef = E96E72CB2C76B90E000B05BA /* Color.swift */; };
		E96E72CF2C76BEE5000B05BA /* View.swift in Sources */ = {isa = PBXBuildFile; fileRef = E96E72CE2C76BEE5000B05BA /* View.swift */; };
		E96E72D12C76BF06000B05BA /* EdgeBorder.swift in Sources */ = {isa = PBXBuildFile; fileRef = E96E72D02C76BF06000B05BA /* EdgeBorder.swift */; };
		E96E72D32C76C001000B05BA /* TimelineViewModel.swift in Sources */ = {isa = PBXBuildFile; fileRef = E96E72D22C76C001000B05BA /* TimelineViewModel.swift */; };
		E96E72D52C76C594000B05BA /* TabItens.swift in Sources */ = {isa = PBXBuildFile; fileRef = E96E72D42C76C594000B05BA /* TabItens.swift */; };
		E9AEB5302C741A0A0084A54E /* TimelineEvent.swift in Sources */ = {isa = PBXBuildFile; fileRef = E9AEB52F2C741A0A0084A54E /* TimelineEvent.swift */; };
		E9AEB5322C741A1A0084A54E /* TimelineSection.swift in Sources */ = {isa = PBXBuildFile; fileRef = E9AEB5312C741A1A0084A54E /* TimelineSection.swift */; };
		E9D468472C6ED1920054F902 /* tccv1App.swift in Sources */ = {isa = PBXBuildFile; fileRef = E9D468462C6ED1920054F902 /* tccv1App.swift */; };
		E9D4684B2C6ED1940054F902 /* Assets.xcassets in Resources */ = {isa = PBXBuildFile; fileRef = E9D4684A2C6ED1940054F902 /* Assets.xcassets */; };
		E9D4684E2C6ED1940054F902 /* Preview Assets.xcassets in Resources */ = {isa = PBXBuildFile; fileRef = E9D4684D2C6ED1940054F902 /* Preview Assets.xcassets */; };
		E9D468572C6ED2370054F902 /* GalleryView.swift in Sources */ = {isa = PBXBuildFile; fileRef = E9D468562C6ED2370054F902 /* GalleryView.swift */; };
		E9D4685A2C6ED26A0054F902 /* TimelineView.swift in Sources */ = {isa = PBXBuildFile; fileRef = E9D468592C6ED26A0054F902 /* TimelineView.swift */; };
		E9D4685D2C6ED2B40054F902 /* MapView.swift in Sources */ = {isa = PBXBuildFile; fileRef = E9D4685C2C6ED2B40054F902 /* MapView.swift */; };
		E9D468602C6ED2E10054F902 /* DetailView.swift in Sources */ = {isa = PBXBuildFile; fileRef = E9D4685F2C6ED2E10054F902 /* DetailView.swift */; };
		E9D468642C6ED4020054F902 /* Route.swift in Sources */ = {isa = PBXBuildFile; fileRef = E9D468632C6ED4020054F902 /* Route.swift */; };
		E9D468672C6ED43D0054F902 /* NavigationManager.swift in Sources */ = {isa = PBXBuildFile; fileRef = E9D468662C6ED43D0054F902 /* NavigationManager.swift */; };
		E9D468692C6ED4C70054F902 /* Construction.swift in Sources */ = {isa = PBXBuildFile; fileRef = E9D468682C6ED4C70054F902 /* Construction.swift */; };
		E9D4686C2C6ED6B50054F902 /* PreviewProvider.swift in Sources */ = {isa = PBXBuildFile; fileRef = E9D4686B2C6ED6B50054F902 /* PreviewProvider.swift */; };
		E9D4686F2C6ED9410054F902 /* HomeView.swift in Sources */ = {isa = PBXBuildFile; fileRef = E9D4686E2C6ED9410054F902 /* HomeView.swift */; };
		E9D468722C6ED9F20054F902 /* MockButton.swift in Sources */ = {isa = PBXBuildFile; fileRef = E9D468712C6ED9F20054F902 /* MockButton.swift */; };
/* End PBXBuildFile section */

/* Begin PBXFileReference section */
		E96E72C92C76B674000B05BA /* TimelineRow.swift */ = {isa = PBXFileReference; lastKnownFileType = sourcecode.swift; path = TimelineRow.swift; sourceTree = "<group>"; };
		E96E72CB2C76B90E000B05BA /* Color.swift */ = {isa = PBXFileReference; lastKnownFileType = sourcecode.swift; path = Color.swift; sourceTree = "<group>"; };
		E96E72CE2C76BEE5000B05BA /* View.swift */ = {isa = PBXFileReference; lastKnownFileType = sourcecode.swift; path = View.swift; sourceTree = "<group>"; };
		E96E72D02C76BF06000B05BA /* EdgeBorder.swift */ = {isa = PBXFileReference; lastKnownFileType = sourcecode.swift; path = EdgeBorder.swift; sourceTree = "<group>"; };
		E96E72D22C76C001000B05BA /* TimelineViewModel.swift */ = {isa = PBXFileReference; lastKnownFileType = sourcecode.swift; path = TimelineViewModel.swift; sourceTree = "<group>"; };
		E96E72D42C76C594000B05BA /* TabItens.swift */ = {isa = PBXFileReference; lastKnownFileType = sourcecode.swift; path = TabItens.swift; sourceTree = "<group>"; };
		E9AEB52F2C741A0A0084A54E /* TimelineEvent.swift */ = {isa = PBXFileReference; lastKnownFileType = sourcecode.swift; path = TimelineEvent.swift; sourceTree = "<group>"; };
		E9AEB5312C741A1A0084A54E /* TimelineSection.swift */ = {isa = PBXFileReference; lastKnownFileType = sourcecode.swift; path = TimelineSection.swift; sourceTree = "<group>"; };
		E9D468432C6ED1920054F902 /* tccv1.app */ = {isa = PBXFileReference; explicitFileType = wrapper.application; includeInIndex = 0; path = tccv1.app; sourceTree = BUILT_PRODUCTS_DIR; };
		E9D468462C6ED1920054F902 /* tccv1App.swift */ = {isa = PBXFileReference; lastKnownFileType = sourcecode.swift; path = tccv1App.swift; sourceTree = "<group>"; };
		E9D4684A2C6ED1940054F902 /* Assets.xcassets */ = {isa = PBXFileReference; lastKnownFileType = folder.assetcatalog; path = Assets.xcassets; sourceTree = "<group>"; };
		E9D4684D2C6ED1940054F902 /* Preview Assets.xcassets */ = {isa = PBXFileReference; lastKnownFileType = folder.assetcatalog; path = "Preview Assets.xcassets"; sourceTree = "<group>"; };
		E9D468562C6ED2370054F902 /* GalleryView.swift */ = {isa = PBXFileReference; lastKnownFileType = sourcecode.swift; path = GalleryView.swift; sourceTree = "<group>"; };
		E9D468592C6ED26A0054F902 /* TimelineView.swift */ = {isa = PBXFileReference; lastKnownFileType = sourcecode.swift; path = TimelineView.swift; sourceTree = "<group>"; };
		E9D4685C2C6ED2B40054F902 /* MapView.swift */ = {isa = PBXFileReference; lastKnownFileType = sourcecode.swift; path = MapView.swift; sourceTree = "<group>"; };
		E9D4685F2C6ED2E10054F902 /* DetailView.swift */ = {isa = PBXFileReference; lastKnownFileType = sourcecode.swift; path = DetailView.swift; sourceTree = "<group>"; };
		E9D468632C6ED4020054F902 /* Route.swift */ = {isa = PBXFileReference; lastKnownFileType = sourcecode.swift; path = Route.swift; sourceTree = "<group>"; };
		E9D468662C6ED43D0054F902 /* NavigationManager.swift */ = {isa = PBXFileReference; lastKnownFileType = sourcecode.swift; path = NavigationManager.swift; sourceTree = "<group>"; };
		E9D468682C6ED4C70054F902 /* Construction.swift */ = {isa = PBXFileReference; lastKnownFileType = sourcecode.swift; path = Construction.swift; sourceTree = "<group>"; };
		E9D4686B2C6ED6B50054F902 /* PreviewProvider.swift */ = {isa = PBXFileReference; lastKnownFileType = sourcecode.swift; path = PreviewProvider.swift; sourceTree = "<group>"; };
		E9D4686E2C6ED9410054F902 /* HomeView.swift */ = {isa = PBXFileReference; lastKnownFileType = sourcecode.swift; path = HomeView.swift; sourceTree = "<group>"; };
		E9D468712C6ED9F20054F902 /* MockButton.swift */ = {isa = PBXFileReference; lastKnownFileType = sourcecode.swift; path = MockButton.swift; sourceTree = "<group>"; };
/* End PBXFileReference section */

/* Begin PBXFrameworksBuildPhase section */
		E9D468402C6ED1920054F902 /* Frameworks */ = {
			isa = PBXFrameworksBuildPhase;
			buildActionMask = 2147483647;
			files = (
			);
			runOnlyForDeploymentPostprocessing = 0;
		};
/* End PBXFrameworksBuildPhase section */

/* Begin PBXGroup section */
		E96E72CD2C76BED1000B05BA /* Utilities */ = {
			isa = PBXGroup;
			children = (
				E96E72D02C76BF06000B05BA /* EdgeBorder.swift */,
			);
			path = Utilities;
			sourceTree = "<group>";
		};
		E9D4683A2C6ED1920054F902 = {
			isa = PBXGroup;
			children = (
				E9D468452C6ED1920054F902 /* tccv1 */,
				E9D468442C6ED1920054F902 /* Products */,
			);
			sourceTree = "<group>";
		};
		E9D468442C6ED1920054F902 /* Products */ = {
			isa = PBXGroup;
			children = (
				E9D468432C6ED1920054F902 /* tccv1.app */,
			);
			name = Products;
			sourceTree = "<group>";
		};
		E9D468452C6ED1920054F902 /* tccv1 */ = {
			isa = PBXGroup;
			children = (
				E9D468462C6ED1920054F902 /* tccv1App.swift */,
				E9D468542C6ED20F0054F902 /* Core */,
				E9D468612C6ED3410054F902 /* Models */,
				E9D468652C6ED4080054F902 /* Managers */,
				E96E72CD2C76BED1000B05BA /* Utilities */,
				E9D4686A2C6ED6950054F902 /* Extensions */,
				E9D4684A2C6ED1940054F902 /* Assets.xcassets */,
				E9D4684C2C6ED1940054F902 /* Preview Content */,
			);
			path = tccv1;
			sourceTree = "<group>";
		};
		E9D4684C2C6ED1940054F902 /* Preview Content */ = {
			isa = PBXGroup;
			children = (
				E9D4684D2C6ED1940054F902 /* Preview Assets.xcassets */,
			);
			path = "Preview Content";
			sourceTree = "<group>";
		};
		E9D468542C6ED20F0054F902 /* Core */ = {
			isa = PBXGroup;
			children = (
				E9D468702C6ED9E90054F902 /* Components */,
				E9D4686D2C6ED9340054F902 /* Home */,
				E9D4685E2C6ED2BC0054F902 /* ConstructionDetails */,
				E9D4685B2C6ED2780054F902 /* Locations */,
				E9D468582C6ED25A0054F902 /* Timeline */,
				E9D468552C6ED22B0054F902 /* Gallery */,
			);
			path = Core;
			sourceTree = "<group>";
		};
		E9D468552C6ED22B0054F902 /* Gallery */ = {
			isa = PBXGroup;
			children = (
				E9D468562C6ED2370054F902 /* GalleryView.swift */,
			);
			path = Gallery;
			sourceTree = "<group>";
		};
		E9D468582C6ED25A0054F902 /* Timeline */ = {
			isa = PBXGroup;
			children = (
				E9D468592C6ED26A0054F902 /* TimelineView.swift */,
				E96E72D22C76C001000B05BA /* TimelineViewModel.swift */,
			);
			path = Timeline;
			sourceTree = "<group>";
		};
		E9D4685B2C6ED2780054F902 /* Locations */ = {
			isa = PBXGroup;
			children = (
				E9D4685C2C6ED2B40054F902 /* MapView.swift */,
			);
			path = Locations;
			sourceTree = "<group>";
		};
		E9D4685E2C6ED2BC0054F902 /* ConstructionDetails */ = {
			isa = PBXGroup;
			children = (
				E9D4685F2C6ED2E10054F902 /* DetailView.swift */,
			);
			path = ConstructionDetails;
			sourceTree = "<group>";
		};
		E9D468612C6ED3410054F902 /* Models */ = {
			isa = PBXGroup;
			children = (
				E9D468682C6ED4C70054F902 /* Construction.swift */,
				E9AEB52F2C741A0A0084A54E /* TimelineEvent.swift */,
				E9AEB5312C741A1A0084A54E /* TimelineSection.swift */,
				E9D468622C6ED3ED0054F902 /* Enums */,
			);
			path = Models;
			sourceTree = "<group>";
		};
		E9D468622C6ED3ED0054F902 /* Enums */ = {
			isa = PBXGroup;
			children = (
				E9D468632C6ED4020054F902 /* Route.swift */,
				E96E72D42C76C594000B05BA /* TabItens.swift */,
			);
			path = Enums;
			sourceTree = "<group>";
		};
		E9D468652C6ED4080054F902 /* Managers */ = {
			isa = PBXGroup;
			children = (
				E9D468662C6ED43D0054F902 /* NavigationManager.swift */,
			);
			path = Managers;
			sourceTree = "<group>";
		};
		E9D4686A2C6ED6950054F902 /* Extensions */ = {
			isa = PBXGroup;
			children = (
				E9D4686B2C6ED6B50054F902 /* PreviewProvider.swift */,
				E96E72CB2C76B90E000B05BA /* Color.swift */,
				E96E72CE2C76BEE5000B05BA /* View.swift */,
			);
			path = Extensions;
			sourceTree = "<group>";
		};
		E9D4686D2C6ED9340054F902 /* Home */ = {
			isa = PBXGroup;
			children = (
				E9D4686E2C6ED9410054F902 /* HomeView.swift */,
			);
			path = Home;
			sourceTree = "<group>";
		};
		E9D468702C6ED9E90054F902 /* Components */ = {
			isa = PBXGroup;
			children = (
				E96E72C92C76B674000B05BA /* TimelineRow.swift */,
				E9D468712C6ED9F20054F902 /* MockButton.swift */,
			);
			path = Components;
			sourceTree = "<group>";
		};
/* End PBXGroup section */

/* Begin PBXNativeTarget section */
		E9D468422C6ED1920054F902 /* tccv1 */ = {
			isa = PBXNativeTarget;
			buildConfigurationList = E9D468512C6ED1940054F902 /* Build configuration list for PBXNativeTarget "tccv1" */;
			buildPhases = (
				E9D4683F2C6ED1920054F902 /* Sources */,
				E9D468402C6ED1920054F902 /* Frameworks */,
				E9D468412C6ED1920054F902 /* Resources */,
			);
			buildRules = (
			);
			dependencies = (
			);
			name = tccv1;
			productName = tccv1;
			productReference = E9D468432C6ED1920054F902 /* tccv1.app */;
			productType = "com.apple.product-type.application";
		};
/* End PBXNativeTarget section */

/* Begin PBXProject section */
		E9D4683B2C6ED1920054F902 /* Project object */ = {
			isa = PBXProject;
			attributes = {
				BuildIndependentTargetsInParallel = 1;
				LastSwiftUpdateCheck = 1520;
				LastUpgradeCheck = 1520;
				TargetAttributes = {
					E9D468422C6ED1920054F902 = {
						CreatedOnToolsVersion = 15.2;
					};
				};
			};
			buildConfigurationList = E9D4683E2C6ED1920054F902 /* Build configuration list for PBXProject "tccv1" */;
			compatibilityVersion = "Xcode 14.0";
			developmentRegion = en;
			hasScannedForEncodings = 0;
			knownRegions = (
				en,
				Base,
			);
			mainGroup = E9D4683A2C6ED1920054F902;
			productRefGroup = E9D468442C6ED1920054F902 /* Products */;
			projectDirPath = "";
			projectRoot = "";
			targets = (
				E9D468422C6ED1920054F902 /* tccv1 */,
			);
		};
/* End PBXProject section */

/* Begin PBXResourcesBuildPhase section */
		E9D468412C6ED1920054F902 /* Resources */ = {
			isa = PBXResourcesBuildPhase;
			buildActionMask = 2147483647;
			files = (
				E9D4684E2C6ED1940054F902 /* Preview Assets.xcassets in Resources */,
				E9D4684B2C6ED1940054F902 /* Assets.xcassets in Resources */,
			);
			runOnlyForDeploymentPostprocessing = 0;
		};
/* End PBXResourcesBuildPhase section */

/* Begin PBXSourcesBuildPhase section */
		E9D4683F2C6ED1920054F902 /* Sources */ = {
			isa = PBXSourcesBuildPhase;
			buildActionMask = 2147483647;
			files = (
				E96E72CF2C76BEE5000B05BA /* View.swift in Sources */,
				E9D468692C6ED4C70054F902 /* Construction.swift in Sources */,
				E9D468472C6ED1920054F902 /* tccv1App.swift in Sources */,
				E9D4685D2C6ED2B40054F902 /* MapView.swift in Sources */,
				E96E72D52C76C594000B05BA /* TabItens.swift in Sources */,
				E9D4686F2C6ED9410054F902 /* HomeView.swift in Sources */,
				E9D468672C6ED43D0054F902 /* NavigationManager.swift in Sources */,
				E9D4685A2C6ED26A0054F902 /* TimelineView.swift in Sources */,
				E96E72D32C76C001000B05BA /* TimelineViewModel.swift in Sources */,
				E9D468642C6ED4020054F902 /* Route.swift in Sources */,
				E9AEB5322C741A1A0084A54E /* TimelineSection.swift in Sources */,
				E96E72D12C76BF06000B05BA /* EdgeBorder.swift in Sources */,
				E96E72CC2C76B90E000B05BA /* Color.swift in Sources */,
				E9D468722C6ED9F20054F902 /* MockButton.swift in Sources */,
				E9D468602C6ED2E10054F902 /* DetailView.swift in Sources */,
				E9D4686C2C6ED6B50054F902 /* PreviewProvider.swift in Sources */,
				E96E72CA2C76B674000B05BA /* TimelineRow.swift in Sources */,
				E9D468572C6ED2370054F902 /* GalleryView.swift in Sources */,
				E9AEB5302C741A0A0084A54E /* TimelineEvent.swift in Sources */,
			);
			runOnlyForDeploymentPostprocessing = 0;
		};
/* End PBXSourcesBuildPhase section */

/* Begin XCBuildConfiguration section */
		E9D4684F2C6ED1940054F902 /* Debug */ = {
			isa = XCBuildConfiguration;
			buildSettings = {
				ALWAYS_SEARCH_USER_PATHS = NO;
				ASSETCATALOG_COMPILER_GENERATE_SWIFT_ASSET_SYMBOL_EXTENSIONS = YES;
				CLANG_ANALYZER_NONNULL = YES;
				CLANG_ANALYZER_NUMBER_OBJECT_CONVERSION = YES_AGGRESSIVE;
				CLANG_CXX_LANGUAGE_STANDARD = "gnu++20";
				CLANG_ENABLE_MODULES = YES;
				CLANG_ENABLE_OBJC_ARC = YES;
				CLANG_ENABLE_OBJC_WEAK = YES;
				CLANG_WARN_BLOCK_CAPTURE_AUTORELEASING = YES;
				CLANG_WARN_BOOL_CONVERSION = YES;
				CLANG_WARN_COMMA = YES;
				CLANG_WARN_CONSTANT_CONVERSION = YES;
				CLANG_WARN_DEPRECATED_OBJC_IMPLEMENTATIONS = YES;
				CLANG_WARN_DIRECT_OBJC_ISA_USAGE = YES_ERROR;
				CLANG_WARN_DOCUMENTATION_COMMENTS = YES;
				CLANG_WARN_EMPTY_BODY = YES;
				CLANG_WARN_ENUM_CONVERSION = YES;
				CLANG_WARN_INFINITE_RECURSION = YES;
				CLANG_WARN_INT_CONVERSION = YES;
				CLANG_WARN_NON_LITERAL_NULL_CONVERSION = YES;
				CLANG_WARN_OBJC_IMPLICIT_RETAIN_SELF = YES;
				CLANG_WARN_OBJC_LITERAL_CONVERSION = YES;
				CLANG_WARN_OBJC_ROOT_CLASS = YES_ERROR;
				CLANG_WARN_QUOTED_INCLUDE_IN_FRAMEWORK_HEADER = YES;
				CLANG_WARN_RANGE_LOOP_ANALYSIS = YES;
				CLANG_WARN_STRICT_PROTOTYPES = YES;
				CLANG_WARN_SUSPICIOUS_MOVE = YES;
				CLANG_WARN_UNGUARDED_AVAILABILITY = YES_AGGRESSIVE;
				CLANG_WARN_UNREACHABLE_CODE = YES;
				CLANG_WARN__DUPLICATE_METHOD_MATCH = YES;
				COPY_PHASE_STRIP = NO;
				DEBUG_INFORMATION_FORMAT = dwarf;
				ENABLE_STRICT_OBJC_MSGSEND = YES;
				ENABLE_TESTABILITY = YES;
				ENABLE_USER_SCRIPT_SANDBOXING = YES;
				GCC_C_LANGUAGE_STANDARD = gnu17;
				GCC_DYNAMIC_NO_PIC = NO;
				GCC_NO_COMMON_BLOCKS = YES;
				GCC_OPTIMIZATION_LEVEL = 0;
				GCC_PREPROCESSOR_DEFINITIONS = (
					"DEBUG=1",
					"$(inherited)",
				);
				GCC_WARN_64_TO_32_BIT_CONVERSION = YES;
				GCC_WARN_ABOUT_RETURN_TYPE = YES_ERROR;
				GCC_WARN_UNDECLARED_SELECTOR = YES;
				GCC_WARN_UNINITIALIZED_AUTOS = YES_AGGRESSIVE;
				GCC_WARN_UNUSED_FUNCTION = YES;
				GCC_WARN_UNUSED_VARIABLE = YES;
				IPHONEOS_DEPLOYMENT_TARGET = 17.2;
				LOCALIZATION_PREFERS_STRING_CATALOGS = YES;
				MTL_ENABLE_DEBUG_INFO = INCLUDE_SOURCE;
				MTL_FAST_MATH = YES;
				ONLY_ACTIVE_ARCH = YES;
				SDKROOT = iphoneos;
				SWIFT_ACTIVE_COMPILATION_CONDITIONS = "DEBUG $(inherited)";
				SWIFT_OPTIMIZATION_LEVEL = "-Onone";
			};
			name = Debug;
		};
		E9D468502C6ED1940054F902 /* Release */ = {
			isa = XCBuildConfiguration;
			buildSettings = {
				ALWAYS_SEARCH_USER_PATHS = NO;
				ASSETCATALOG_COMPILER_GENERATE_SWIFT_ASSET_SYMBOL_EXTENSIONS = YES;
				CLANG_ANALYZER_NONNULL = YES;
				CLANG_ANALYZER_NUMBER_OBJECT_CONVERSION = YES_AGGRESSIVE;
				CLANG_CXX_LANGUAGE_STANDARD = "gnu++20";
				CLANG_ENABLE_MODULES = YES;
				CLANG_ENABLE_OBJC_ARC = YES;
				CLANG_ENABLE_OBJC_WEAK = YES;
				CLANG_WARN_BLOCK_CAPTURE_AUTORELEASING = YES;
				CLANG_WARN_BOOL_CONVERSION = YES;
				CLANG_WARN_COMMA = YES;
				CLANG_WARN_CONSTANT_CONVERSION = YES;
				CLANG_WARN_DEPRECATED_OBJC_IMPLEMENTATIONS = YES;
				CLANG_WARN_DIRECT_OBJC_ISA_USAGE = YES_ERROR;
				CLANG_WARN_DOCUMENTATION_COMMENTS = YES;
				CLANG_WARN_EMPTY_BODY = YES;
				CLANG_WARN_ENUM_CONVERSION = YES;
				CLANG_WARN_INFINITE_RECURSION = YES;
				CLANG_WARN_INT_CONVERSION = YES;
				CLANG_WARN_NON_LITERAL_NULL_CONVERSION = YES;
				CLANG_WARN_OBJC_IMPLICIT_RETAIN_SELF = YES;
				CLANG_WARN_OBJC_LITERAL_CONVERSION = YES;
				CLANG_WARN_OBJC_ROOT_CLASS = YES_ERROR;
				CLANG_WARN_QUOTED_INCLUDE_IN_FRAMEWORK_HEADER = YES;
				CLANG_WARN_RANGE_LOOP_ANALYSIS = YES;
				CLANG_WARN_STRICT_PROTOTYPES = YES;
				CLANG_WARN_SUSPICIOUS_MOVE = YES;
				CLANG_WARN_UNGUARDED_AVAILABILITY = YES_AGGRESSIVE;
				CLANG_WARN_UNREACHABLE_CODE = YES;
				CLANG_WARN__DUPLICATE_METHOD_MATCH = YES;
				COPY_PHASE_STRIP = NO;
				DEBUG_INFORMATION_FORMAT = "dwarf-with-dsym";
				ENABLE_NS_ASSERTIONS = NO;
				ENABLE_STRICT_OBJC_MSGSEND = YES;
				ENABLE_USER_SCRIPT_SANDBOXING = YES;
				GCC_C_LANGUAGE_STANDARD = gnu17;
				GCC_NO_COMMON_BLOCKS = YES;
				GCC_WARN_64_TO_32_BIT_CONVERSION = YES;
				GCC_WARN_ABOUT_RETURN_TYPE = YES_ERROR;
				GCC_WARN_UNDECLARED_SELECTOR = YES;
				GCC_WARN_UNINITIALIZED_AUTOS = YES_AGGRESSIVE;
				GCC_WARN_UNUSED_FUNCTION = YES;
				GCC_WARN_UNUSED_VARIABLE = YES;
				IPHONEOS_DEPLOYMENT_TARGET = 17.2;
				LOCALIZATION_PREFERS_STRING_CATALOGS = YES;
				MTL_ENABLE_DEBUG_INFO = NO;
				MTL_FAST_MATH = YES;
				SDKROOT = iphoneos;
				SWIFT_COMPILATION_MODE = wholemodule;
				VALIDATE_PRODUCT = YES;
			};
			name = Release;
		};
		E9D468522C6ED1940054F902 /* Debug */ = {
			isa = XCBuildConfiguration;
			buildSettings = {
				ASSETCATALOG_COMPILER_APPICON_NAME = AppIcon;
				ASSETCATALOG_COMPILER_GLOBAL_ACCENT_COLOR_NAME = AccentColor;
				CODE_SIGN_STYLE = Automatic;
				CURRENT_PROJECT_VERSION = 1;
				DEVELOPMENT_ASSET_PATHS = "\"tccv1/Preview Content\"";
				DEVELOPMENT_TEAM = 5S88AY6J4R;
				ENABLE_PREVIEWS = YES;
				GENERATE_INFOPLIST_FILE = YES;
				INFOPLIST_KEY_UIApplicationSceneManifest_Generation = YES;
				INFOPLIST_KEY_UIApplicationSupportsIndirectInputEvents = YES;
				INFOPLIST_KEY_UILaunchScreen_Generation = YES;
				INFOPLIST_KEY_UISupportedInterfaceOrientations_iPad = "UIInterfaceOrientationPortrait UIInterfaceOrientationPortraitUpsideDown UIInterfaceOrientationLandscapeLeft UIInterfaceOrientationLandscapeRight";
				INFOPLIST_KEY_UISupportedInterfaceOrientations_iPhone = "UIInterfaceOrientationPortrait UIInterfaceOrientationLandscapeLeft UIInterfaceOrientationLandscapeRight";
				LD_RUNPATH_SEARCH_PATHS = (
					"$(inherited)",
					"@executable_path/Frameworks",
				);
				MARKETING_VERSION = 1.0;
				PRODUCT_BUNDLE_IDENTIFIER = br.ufpe.cin.academy.tmc4.tccv1;
				PRODUCT_NAME = "$(TARGET_NAME)";
				SWIFT_EMIT_LOC_STRINGS = YES;
				SWIFT_VERSION = 5.0;
				TARGETED_DEVICE_FAMILY = "1,2";
			};
			name = Debug;
		};
		E9D468532C6ED1940054F902 /* Release */ = {
			isa = XCBuildConfiguration;
			buildSettings = {
				ASSETCATALOG_COMPILER_APPICON_NAME = AppIcon;
				ASSETCATALOG_COMPILER_GLOBAL_ACCENT_COLOR_NAME = AccentColor;
				CODE_SIGN_STYLE = Automatic;
				CURRENT_PROJECT_VERSION = 1;
				DEVELOPMENT_ASSET_PATHS = "\"tccv1/Preview Content\"";
				DEVELOPMENT_TEAM = 5S88AY6J4R;
				ENABLE_PREVIEWS = YES;
				GENERATE_INFOPLIST_FILE = YES;
				INFOPLIST_KEY_UIApplicationSceneManifest_Generation = YES;
				INFOPLIST_KEY_UIApplicationSupportsIndirectInputEvents = YES;
				INFOPLIST_KEY_UILaunchScreen_Generation = YES;
				INFOPLIST_KEY_UISupportedInterfaceOrientations_iPad = "UIInterfaceOrientationPortrait UIInterfaceOrientationPortraitUpsideDown UIInterfaceOrientationLandscapeLeft UIInterfaceOrientationLandscapeRight";
				INFOPLIST_KEY_UISupportedInterfaceOrientations_iPhone = "UIInterfaceOrientationPortrait UIInterfaceOrientationLandscapeLeft UIInterfaceOrientationLandscapeRight";
				LD_RUNPATH_SEARCH_PATHS = (
					"$(inherited)",
					"@executable_path/Frameworks",
				);
				MARKETING_VERSION = 1.0;
				PRODUCT_BUNDLE_IDENTIFIER = br.ufpe.cin.academy.tmc4.tccv1;
				PRODUCT_NAME = "$(TARGET_NAME)";
				SWIFT_EMIT_LOC_STRINGS = YES;
				SWIFT_VERSION = 5.0;
				TARGETED_DEVICE_FAMILY = "1,2";
			};
			name = Release;
		};
/* End XCBuildConfiguration section */

/* Begin XCConfigurationList section */
		E9D4683E2C6ED1920054F902 /* Build configuration list for PBXProject "tccv1" */ = {
			isa = XCConfigurationList;
			buildConfigurations = (
				E9D4684F2C6ED1940054F902 /* Debug */,
				E9D468502C6ED1940054F902 /* Release */,
			);
			defaultConfigurationIsVisible = 0;
			defaultConfigurationName = Release;
		};
		E9D468512C6ED1940054F902 /* Build configuration list for PBXNativeTarget "tccv1" */ = {
			isa = XCConfigurationList;
			buildConfigurations = (
				E9D468522C6ED1940054F902 /* Debug */,
				E9D468532C6ED1940054F902 /* Release */,
			);
			defaultConfigurationIsVisible = 0;
			defaultConfigurationName = Release;
		};
/* End XCConfigurationList section */
	};
	rootObject = E9D4683B2C6ED1920054F902 /* Project object */;
}
